<?xml version="1.0" encoding="UTF-8" standalone="yes" ?>
<CodeBlocks_project_file>
   <FileVersion major="1" minor="6" />
   <Project>
      <Option title="challengeAL" />
      <Option makefile_is_custom="1" />
      <Option compiler="gcc" />
      <Option virtualFolders="CMake Files\;" />
      <Build>
      <Target title="all">
         <Option working_dir="/home/antoniofisk/Desktop/Uni/MasterThesis/Project" />
         <Option type="4" />
         <MakeCommands>
            <Build command="/usr/bin/make -f &quot;/home/antoniofisk/Desktop/Uni/MasterThesis/Project/Makefile&quot;  VERBOSE=1 all" />
            <CompileFile command="/usr/bin/make -f &quot;/home/antoniofisk/Desktop/Uni/MasterThesis/Project/Makefile&quot;  VERBOSE=1 &quot;$file&quot;" />
            <Clean command="/usr/bin/make -f &quot;/home/antoniofisk/Desktop/Uni/MasterThesis/Project/Makefile&quot;  VERBOSE=1 clean" />
            <DistClean command="/usr/bin/make -f &quot;/home/antoniofisk/Desktop/Uni/MasterThesis/Project/Makefile&quot;  VERBOSE=1 clean" />
         </MakeCommands>
      </Target>
      <Target title="challengeAL">
         <Option output="/home/antoniofisk/Desktop/Uni/MasterThesis/Project/challengeAL" prefix_auto="0" extension_auto="0" />
         <Option working_dir="/home/antoniofisk/Desktop/Uni/MasterThesis/Project" />
         <Option object_output="./" />
         <Option type="1" />
         <Option compiler="gcc" />
         <Compiler>
         </Compiler>
         <MakeCommands>
            <Build command="/usr/bin/make -f &quot;/home/antoniofisk/Desktop/Uni/MasterThesis/Project/Makefile&quot;  VERBOSE=1 challengeAL" />
            <CompileFile command="/usr/bin/make -f &quot;/home/antoniofisk/Desktop/Uni/MasterThesis/Project/Makefile&quot;  VERBOSE=1 &quot;$file&quot;" />
            <Clean command="/usr/bin/make -f &quot;/home/antoniofisk/Desktop/Uni/MasterThesis/Project/Makefile&quot;  VERBOSE=1 clean" />
            <DistClean command="/usr/bin/make -f &quot;/home/antoniofisk/Desktop/Uni/MasterThesis/Project/Makefile&quot;  VERBOSE=1 clean" />
         </MakeCommands>
      </Target>
      <Target title="challengeAL/fast">
         <Option output="/home/antoniofisk/Desktop/Uni/MasterThesis/Project/challengeAL" prefix_auto="0" extension_auto="0" />
         <Option working_dir="/home/antoniofisk/Desktop/Uni/MasterThesis/Project" />
         <Option object_output="./" />
         <Option type="1" />
         <Option compiler="gcc" />
         <Compiler>
         </Compiler>
         <MakeCommands>
            <Build command="/usr/bin/make -f &quot;/home/antoniofisk/Desktop/Uni/MasterThesis/Project/Makefile&quot;  VERBOSE=1 challengeAL/fast" />
            <CompileFile command="/usr/bin/make -f &quot;/home/antoniofisk/Desktop/Uni/MasterThesis/Project/Makefile&quot;  VERBOSE=1 &quot;$file&quot;" />
            <Clean command="/usr/bin/make -f &quot;/home/antoniofisk/Desktop/Uni/MasterThesis/Project/Makefile&quot;  VERBOSE=1 clean" />
            <DistClean command="/usr/bin/make -f &quot;/home/antoniofisk/Desktop/Uni/MasterThesis/Project/Makefile&quot;  VERBOSE=1 clean" />
         </MakeCommands>
      </Target>
      <Target title="rebuild_cache">
         <Option working_dir="/home/antoniofisk/Desktop/Uni/MasterThesis/Project" />
         <Option type="4" />
         <MakeCommands>
            <Build command="/usr/bin/make -f &quot;/home/antoniofisk/Desktop/Uni/MasterThesis/Project/Makefile&quot;  VERBOSE=1 rebuild_cache" />
            <CompileFile command="/usr/bin/make -f &quot;/home/antoniofisk/Desktop/Uni/MasterThesis/Project/Makefile&quot;  VERBOSE=1 &quot;$file&quot;" />
            <Clean command="/usr/bin/make -f &quot;/home/antoniofisk/Desktop/Uni/MasterThesis/Project/Makefile&quot;  VERBOSE=1 clean" />
            <DistClean command="/usr/bin/make -f &quot;/home/antoniofisk/Desktop/Uni/MasterThesis/Project/Makefile&quot;  VERBOSE=1 clean" />
         </MakeCommands>
      </Target>
      </Build>
      <Unit filename="/home/antoniofisk/Desktop/Uni/MasterThesis/Project/ROADF/driver.cpp">
      </Unit>
      <Unit filename="/home/antoniofisk/Desktop/Uni/MasterThesis/Project/ROADF/instance.cpp">
      </Unit>
      <Unit filename="/home/antoniofisk/Desktop/Uni/MasterThesis/Project/ROADF/location.cpp">
      </Unit>
      <Unit filename="/home/antoniofisk/Desktop/Uni/MasterThesis/Project/ROADF/main.cpp">
      </Unit>
      <Unit filename="/home/antoniofisk/Desktop/Uni/MasterThesis/Project/ROADF/matrix.cpp">
      </Unit>
      <Unit filename="/home/antoniofisk/Desktop/Uni/MasterThesis/Project/ROADF/operation.cpp">
      </Unit>
      <Unit filename="/home/antoniofisk/Desktop/Uni/MasterThesis/Project/ROADF/solution.cpp">
      </Unit>
      <Unit filename="/home/antoniofisk/Desktop/Uni/MasterThesis/Project/ROADF/tinystr.cpp">
      </Unit>
      <Unit filename="/home/antoniofisk/Desktop/Uni/MasterThesis/Project/ROADF/tinyxml.cpp">
      </Unit>
      <Unit filename="/home/antoniofisk/Desktop/Uni/MasterThesis/Project/ROADF/tinyxmlerror.cpp">
      </Unit>
      <Unit filename="/home/antoniofisk/Desktop/Uni/MasterThesis/Project/ROADF/tinyxmlparser.cpp">
      </Unit>
      <Unit filename="/home/antoniofisk/Desktop/Uni/MasterThesis/Project/ROADF/trailer.cpp">
      </Unit>
      <Unit filename="/home/antoniofisk/Desktop/Uni/MasterThesis/Project/emilibase.cpp">
      </Unit>
      <Unit filename="/home/antoniofisk/Desktop/Uni/MasterThesis/Project/generalParser.cpp">
      </Unit>
      <Unit filename="/home/antoniofisk/Desktop/Uni/MasterThesis/Project/irp.cpp">
      </Unit>
      <Unit filename="/home/antoniofisk/Desktop/Uni/MasterThesis/Project/irpparser.cpp">
      </Unit>
      <Unit filename="/home/antoniofisk/Desktop/Uni/MasterThesis/Project/main.cpp">
      </Unit>
      <Unit filename="/home/antoniofisk/Desktop/Uni/MasterThesis/Project/ROADF/driver.h">
      </Unit>
      <Unit filename="/home/antoniofisk/Desktop/Uni/MasterThesis/Project/ROADF/instance.h">
      </Unit>
      <Unit filename="/home/antoniofisk/Desktop/Uni/MasterThesis/Project/ROADF/location.h">
      </Unit>
      <Unit filename="/home/antoniofisk/Desktop/Uni/MasterThesis/Project/ROADF/matrix.h">
      </Unit>
      <Unit filename="/home/antoniofisk/Desktop/Uni/MasterThesis/Project/ROADF/operation.h">
      </Unit>
      <Unit filename="/home/antoniofisk/Desktop/Uni/MasterThesis/Project/ROADF/solution.h">
      </Unit>
      <Unit filename="/home/antoniofisk/Desktop/Uni/MasterThesis/Project/ROADF/tinystr.h">
      </Unit>
      <Unit filename="/home/antoniofisk/Desktop/Uni/MasterThesis/Project/ROADF/tinyxml.h">
      </Unit>
      <Unit filename="/home/antoniofisk/Desktop/Uni/MasterThesis/Project/ROADF/trailer.h">
      </Unit>
      <Unit filename="/home/antoniofisk/Desktop/Uni/MasterThesis/Project/emilibase.h">
      </Unit>
      <Unit filename="/home/antoniofisk/Desktop/Uni/MasterThesis/Project/generalParser.h">
      </Unit>
      <Unit filename="/home/antoniofisk/Desktop/Uni/MasterThesis/Project/irp.h">
      </Unit>
      <Unit filename="/home/antoniofisk/Desktop/Uni/MasterThesis/Project/irpparser.h">
      </Unit>
      <Unit filename="/home/antoniofisk/Desktop/Uni/MasterThesis/Project/CMakeLists.txt">
          <Option virtualFolder="CMake Files\" />
      </Unit>
   </Project>
</CodeBlocks_project_file>
